{
  "name": "candybox2",
  "lockfileVersion": 3,
  "requires": true,
  "packages": {
    "": {
      "dependencies": {
        "typescript": "^1.4.1"
      }
    },
    "node_modules/typescript": {
      "version": "1.4.1",
      "resolved": "https://registry.npmjs.org/typescript/-/typescript-1.4.1.tgz",
      "integrity": "sha512-ZmFU3h/TzPofFlcMe8stHEBdrC/U0Mzs+s91OXEFKLMjjfPM1v/udHkvR0A4FLyjELdtRR8fgmjB/GeKBbW6UA==",
      "bin": {
        "tsc": "bin/tsc"
      },
      "engines": {
        "node": ">=0.8.0"
      }
    }
  }
}
